// !$*UTF8*$!
{
	archiveVersion = 1;
	classes = {
	};
	objectVersion = 46;
	objects = {

/* Begin PBXBuildFile section */
		D8F60BD41CD6E3A400793857 /* AppDelegate.swift in Sources */ = {isa = PBXBuildFile; fileRef = D8F60BD31CD6E3A400793857 /* AppDelegate.swift */; };
		D8F60BD61CD6E3A400793857 /* ViewController.swift in Sources */ = {isa = PBXBuildFile; fileRef = D8F60BD51CD6E3A400793857 /* ViewController.swift */; };
		D8F60BD91CD6E3A400793857 /* Main.storyboard in Resources */ = {isa = PBXBuildFile; fileRef = D8F60BD71CD6E3A400793857 /* Main.storyboard */; };
		D8F60BDB1CD6E3A400793857 /* Assets.xcassets in Resources */ = {isa = PBXBuildFile; fileRef = D8F60BDA1CD6E3A400793857 /* Assets.xcassets */; };
		D8F60BDE1CD6E3A400793857 /* LaunchScreen.storyboard in Resources */ = {isa = PBXBuildFile; fileRef = D8F60BDC1CD6E3A400793857 /* LaunchScreen.storyboard */; };
/* End PBXBuildFile section */

/* Begin PBXFileReference section */
		D8F60BD01CD6E3A400793857 /* Is It Prime.app */ = {isa = PBXFileReference; explicitFileType = wrapper.application; includeInIndex = 0; path = "Is It Prime.app"; sourceTree = BUILT_PRODUCTS_DIR; };
		D8F60BD31CD6E3A400793857 /* AppDelegate.swift */ = {isa = PBXFileReference; lastKnownFileType = sourcecode.swift; path = AppDelegate.swift; sourceTree = "<group>"; };
		D8F60BD51CD6E3A400793857 /* ViewController.swift */ = {isa = PBXFileReference; lastKnownFileType = sourcecode.swift; path = ViewController.swift; sourceTree = "<group>"; };
		D8F60BD81CD6E3A400793857 /* Base */ = {isa = PBXFileReference; lastKnownFileType = file.storyboard; name = Base; path = Base.lproj/Main.storyboard; sourceTree = "<group>"; };
		D8F60BDA1CD6E3A400793857 /* Assets.xcassets */ = {isa = PBXFileReference; lastKnownFileType = folder.assetcatalog; path = Assets.xcassets; sourceTree = "<group>"; };
		D8F60BDD1CD6E3A400793857 /* Base */ = {isa = PBXFileReference; lastKnownFileType = file.storyboard; name = Base; path = Base.lproj/LaunchScreen.storyboard; sourceTree = "<group>"; };
		D8F60BDF1CD6E3A400793857 /* Info.plist */ = {isa = PBXFileReference; lastKnownFileType = text.plist.xml; path = Info.plist; sourceTree = "<group>"; };
/* End PBXFileReference section */

/* Begin PBXFrameworksBuildPhase section */
		D8F60BCD1CD6E3A400793857 /* Frameworks */ = {
			isa = PBXFrameworksBuildPhase;
			buildActionMask = 2147483647;
			files = (
			);
			runOnlyForDeploymentPostprocessing = 0;
		};
/* End PBXFrameworksBuildPhase section */

/* Begin PBXGroup section */
		D8F60BC71CD6E3A400793857 = {
			isa = PBXGroup;
			children = (
				D8F60BD21CD6E3A400793857 /* Is It Prime */,
				D8F60BD11CD6E3A400793857 /* Products */,
			);
			sourceTree = "<group>";
		};
		D8F60BD11CD6E3A400793857 /* Products */ = {
			isa = PBXGroup;
			children = (
				D8F60BD01CD6E3A400793857 /* Is It Prime.app */,
			);
			name = Products;
			sourceTree = "<group>";
		};
		D8F60BD21CD6E3A400793857 /* Is It Prime */ = {
			isa = PBXGroup;
			children = (
				D8F60BD31CD6E3A400793857 /* AppDelegate.swift */,
				D8F60BD51CD6E3A400793857 /* ViewController.swift */,
				D8F60BD71CD6E3A400793857 /* Main.storyboard */,
				D8F60BDA1CD6E3A400793857 /* Assets.xcassets */,
				D8F60BDC1CD6E3A400793857 /* LaunchScreen.storyboard */,
				D8F60BDF1CD6E3A400793857 /* Info.plist */,
			);
			path = "Is It Prime";
			sourceTree = "<group>";
		};
/* End PBXGroup section */

/* Begin PBXNativeTarget section */
		D8F60BCF1CD6E3A400793857 /* Is It Prime */ = {
			isa = PBXNativeTarget;
			buildConfigurationList = D8F60BE21CD6E3A400793857 /* Build configuration list for PBXNativeTarget "Is It Prime" */;
			buildPhases = (
				D8F60BCC1CD6E3A400793857 /* Sources */,
				D8F60BCD1CD6E3A400793857 /* Frameworks */,
				D8F60BCE1CD6E3A400793857 /* Resources */,
			);
			buildRules = (
			);
			dependencies = (
			);
			name = "Is It Prime";
			productName = "Is It Prime";
			productReference = D8F60BD01CD6E3A400793857 /* Is It Prime.app */;
			productType = "com.apple.product-type.application";
		};
/* End PBXNativeTarget section */

/* Begin PBXProject section */
		D8F60BC81CD6E3A400793857 /* Project object */ = {
			isa = PBXProject;
			attributes = {
				LastSwiftUpdateCheck = 0730;
				LastUpgradeCheck = 0730;
				ORGANIZATIONNAME = fvergara;
				TargetAttributes = {
					D8F60BCF1CD6E3A400793857 = {
						CreatedOnToolsVersion = 7.3;
						DevelopmentTeam = DZ2LJDS532;
					};
				};
			};
			buildConfigurationList = D8F60BCB1CD6E3A400793857 /* Build configuration list for PBXProject "Is It Prime" */;
			compatibilityVersion = "Xcode 3.2";
			developmentRegion = English;
			hasScannedForEncodings = 0;
			knownRegions = (
				en,
				Base,
			);
			mainGroup = D8F60BC71CD6E3A400793857;
			productRefGroup = D8F60BD11CD6E3A400793857 /* Products */;
			projectDirPath = "";
			projectRoot = "";
			targets = (
				D8F60BCF1CD6E3A400793857 /* Is It Prime */,
			);
		};
/* End PBXProject section */

/* Begin PBXResourcesBuildPhase section */
		D8F60BCE1CD6E3A400793857 /* Resources */ = {
			isa = PBXResourcesBuildPhase;
			buildActionMask = 2147483647;
			files = (
				D8F60BDE1CD6E3A400793857 /* LaunchScreen.storyboard in Resources */,
				D8F60BDB1CD6E3A400793857 /* Assets.xcassets in Resources */,
				D8F60BD91CD6E3A400793857 /* Main.storyboard in Resources */,
			);
			runOnlyForDeploymentPostprocessing = 0;
		};
/* End PBXResourcesBuildPhase section */

/* Begin PBXSourcesBuildPhase section */
		D8F60BCC1CD6E3A400793857 /* Sources */ = {
			isa = PBXSourcesBuildPhase;
			buildActionMask = 2147483647;
			files = (
				D8F60BD61CD6E3A400793857 /* ViewController.swift in Sources */,
				D8F60BD41CD6E3A400793857 /* AppDelegate.swift in Sources */,
			);
			runOnlyForDeploymentPostprocessing = 0;
		};
/* End PBXSourcesBuildPhase section */

/* Begin PBXVariantGroup section */
		D8F60BD71CD6E3A400793857 /* Main.storyboard */ = {
			isa = PBXVariantGroup;
			children = (
				D8F60BD81CD6E3A400793857 /* Base */,
			);
			name = Main.storyboard;
			sourceTree = "<group>";
		};
		D8F60BDC1CD6E3A400793857 /* LaunchScreen.storyboard */ = {
			isa = PBXVariantGroup;
			children = (
				D8F60BDD1CD6E3A400793857 /* Base */,
			);
			name = LaunchScreen.storyboard;
			sourceTree = "<group>";
		};
/* End PBXVariantGroup section */

/* Begin XCBuildConfiguration section */
		D8F60BE01CD6E3A400793857 /* Debug */ = {
			isa = XCBuildConfiguration;
			buildSettings = {
				ALWAYS_SEARCH_USER_PATHS = NO;
				CLANG_ANALYZER_NONNULL = YES;
				CLANG_CXX_LANGUAGE_STANDARD = "gnu++0x";
				CLANG_CXX_LIBRARY = "libc++";
				CLANG_ENABLE_MODULES = YES;
				CLANG_ENABLE_OBJC_ARC = YES;
				CLANG_WARN_BOOL_CONVERSION = YES;
				CLANG_WARN_CONSTANT_CONVERSION = YES;
				CLANG_WARN_DIRECT_OBJC_ISA_USAGE = YES_ERROR;
				CLANG_WARN_EMPTY_BODY = YES;
				CLANG_WARN_ENUM_CONVERSION = YES;
				CLANG_WARN_INT_CONVERSION = YES;
				CLANG_WARN_OBJC_ROOT_CLASS = YES_ERROR;
				CLANG_WARN_UNREACHABLE_CODE = YES;
				CLANG_WARN__DUPLICATE_METHOD_MATCH = YES;
				"CODE_SIGN_IDENTITY[sdk=iphoneos*]" = "iPhone Developer";
				COPY_PHASE_STRIP = NO;
				DEBUG_INFORMATION_FORMAT = dwarf;
				ENABLE_STRICT_OBJC_MSGSEND = YES;
				ENABLE_TESTABILITY = YES;
				GCC_C_LANGUAGE_STANDARD = gnu99;
				GCC_DYNAMIC_NO_PIC = NO;
				GCC_NO_COMMON_BLOCKS = YES;
				GCC_OPTIMIZATION_LEVEL = 0;
				GCC_PREPROCESSOR_DEFINITIONS = (
					"DEBUG=1",
					"$(inherited)",
				);
				GCC_WARN_64_TO_32_BIT_CONVERSION = YES;
				GCC_WARN_ABOUT_RETURN_TYPE = YES_ERROR;
				GCC_WARN_UNDECLARED_SELECTOR = YES;
				GCC_WARN_UNINITIALIZED_AUTOS = YES_AGGRESSIVE;
				GCC_WARN_UNUSED_FUNCTION = YES;
				GCC_WARN_UNUSED_VARIABLE = YES;
				IPHONEOS_DEPLOYMENT_TARGET = 9.3;
				MTL_ENABLE_DEBUG_INFO = YES;
				ONLY_ACTIVE_ARCH = YES;
				SDKROOT = iphoneos;
				SWIFT_OPTIMIZATION_LEVEL = "-Onone";
			};
			name = Debug;
		};
		D8F60BE11CD6E3A400793857 /* Release */ = {
			isa = XCBuildConfiguration;
			buildSettings = {
				ALWAYS_SEARCH_USER_PATHS = NO;
				CLANG_ANALYZER_NONNULL = YES;
				CLANG_CXX_LANGUAGE_STANDARD = "gnu++0x";
				CLANG_CXX_LIBRARY = "libc++";
				CLANG_ENABLE_MODULES = YES;
				CLANG_ENABLE_OBJC_ARC = YES;
				CLANG_WARN_BOOL_CONVERSION = YES;
				CLANG_WARN_CONSTANT_CONVERSION = YES;
				CLANG_WARN_DIRECT_OBJC_ISA_USAGE = YES_ERROR;
				CLANG_WARN_EMPTY_BODY = YES;
				CLANG_WARN_ENUM_CONVERSION = YES;
				CLANG_WARN_INT_CONVERSION = YES;
				CLANG_WARN_OBJC_ROOT_CLASS = YES_ERROR;
				CLANG_WARN_UNREACHABLE_CODE = YES;
				CLANG_WARN__DUPLICATE_METHOD_MATCH = YES;
				"CODE_SIGN_IDENTITY[sdk=iphoneos*]" = "iPhone Developer";
				COPY_PHASE_STRIP = NO;
				DEBUG_INFORMATION_FORMAT = "dwarf-with-dsym";
				ENABLE_NS_ASSERTIONS = NO;
				ENABLE_STRICT_OBJC_MSGSEND = YES;
				GCC_C_LANGUAGE_STANDARD = gnu99;
				GCC_NO_COMMON_BLOCKS = YES;
				GCC_WARN_64_TO_32_BIT_CONVERSION = YES;
				GCC_WARN_ABOUT_RETURN_TYPE = YES_ERROR;
				GCC_WARN_UNDECLARED_SELECTOR = YES;
				GCC_WARN_UNINITIALIZED_AUTOS = YES_AGGRESSIVE;
				GCC_WARN_UNUSED_FUNCTION = YES;
				GCC_WARN_UNUSED_VARIABLE = YES;
				IPHONEOS_DEPLOYMENT_TARGET = 9.3;
				MTL_ENABLE_DEBUG_INFO = NO;
				SDKROOT = iphoneos;
				VALIDATE_PRODUCT = YES;
			};
			name = Release;
		};
		D8F60BE31CD6E3A400793857 /* Debug */ = {
			isa = XCBuildConfiguration;
			buildSettings = {
				ASSETCATALOG_COMPILER_APPICON_NAME = AppIcon;
				INFOPLIST_FILE = "Is It Prime/Info.plist";
				IPHONEOS_DEPLOYMENT_TARGET = 9.0;
				LD_RUNPATH_SEARCH_PATHS = "$(inherited) @executable_path/Frameworks";
				PRODUCT_BUNDLE_IDENTIFIER = "com.fvergara.Is-It-Prime";
				PRODUCT_NAME = "$(TARGET_NAME)";
			};
			name = Debug;
		};
		D8F60BE41CD6E3A400793857 /* Release */ = {
			isa = XCBuildConfiguration;
			buildSettings = {
				ASSETCATALOG_COMPILER_APPICON_NAME = AppIcon;
				INFOPLIST_FILE = "Is It Prime/Info.plist";
				IPHONEOS_DEPLOYMENT_TARGET = 9.0;
				LD_RUNPATH_SEARCH_PATHS = "$(inherited) @executable_path/Frameworks";
				PRODUCT_BUNDLE_IDENTIFIER = "com.fvergara.Is-It-Prime";
				PRODUCT_NAME = "$(TARGET_NAME)";
			};
			name = Release;
		};
/* End XCBuildConfiguration section */

/* Begin XCConfigurationList section */
		D8F60BCB1CD6E3A400793857 /* Build configuration list for PBXProject "Is It Prime" */ = {
			isa = XCConfigurationList;
			buildConfigurations = (
				D8F60BE01CD6E3A400793857 /* Debug */,
				D8F60BE11CD6E3A400793857 /* Release */,
			);
			defaultConfigurationIsVisible = 0;
			defaultConfigurationName = Release;
		};
		D8F60BE21CD6E3A400793857 /* Build configuration list for PBXNativeTarget "Is It Prime" */ = {
			isa = XCConfigurationList;
			buildConfigurations = (
				D8F60BE31CD6E3A400793857 /* Debug */,
				D8F60BE41CD6E3A400793857 /* Release */,
			);
			defaultConfigurationIsVisible = 0;
		};
/* End XCConfigurationList section */
	};
	rootObject = D8F60BC81CD6E3A400793857 /* Project object */;
}
